
Microsoft Visual Studio Solution File, Format Version 12.00
# Visual Studio 15
Project("{FAE04EC0-301F-11D3-BF4B-00C04F79EFBC}") = "Assembly-CSharp", "Assembly-CSharp.csproj", "{9F1D7E9C-6F5C-2EC9-7A4C-4B2AC534C0B6}"
EndProject
Project("{FAE04EC0-301F-11D3-BF4B-00C04F79EFBC}") = "Assembly-CSharp-Editor", "Assembly-CSharp-Editor.csproj", "{301600AE-879C-95E1-1749-0B3E7ABE1130}"
EndProject
Global
	GlobalSection(SolutionConfigurationPlatforms) = preSolution
		Debug|Any CPU = Debug|Any CPU
		Release|Any CPU = Release|Any CPU
	EndGlobalSection
	GlobalSection(ProjectConfigurationPlatforms) = postSolution
		{9F1D7E9C-6F5C-2EC9-7A4C-4B2AC534C0B6}.Debug|Any CPU.ActiveCfg = Debug|Any CPU
		{9F1D7E9C-6F5C-2EC9-7A4C-4B2AC534C0B6}.Debug|Any CPU.Build.0 = Debug|Any CPU
		{9F1D7E9C-6F5C-2EC9-7A4C-4B2AC534C0B6}.Release|Any CPU.ActiveCfg = Release|Any CPU
		{9F1D7E9C-6F5C-2EC9-7A4C-4B2AC534C0B6}.Release|Any CPU.Build.0 = Release|Any CPU
		{301600AE-879C-95E1-1749-0B3E7ABE1130}.Debug|Any CPU.ActiveCfg = Debug|Any CPU
		{301600AE-879C-95E1-1749-0B3E7ABE1130}.Debug|Any CPU.Build.0 = Debug|Any CPU
		{301600AE-879C-95E1-1749-0B3E7ABE1130}.Release|Any CPU.ActiveCfg = Release|Any CPU
		{301600AE-879C-95E1-1749-0B3E7ABE1130}.Release|Any CPU.Build.0 = Release|Any CPU
	EndGlobalSection
	GlobalSection(SolutionProperties) = preSolution
		HideSolutionNode = FALSE
	EndGlobalSection
EndGlobal
